
Microsoft Visual Studio Solution File, Format Version 12.00
# Visual Studio Version 17
Project("{8BC9CEB8-8B4A-11D0-8D11-00A0C91BC942}") = "ALL_BUILD", "ALL_BUILD.vcxproj", "{E71990D5-EA87-3CDE-AF51-504E6BC4F5FF}"
	ProjectSection(ProjectDependencies) = postProject
		{7FFC5776-38FB-3061-ACA3-CC01DF125618} = {7FFC5776-38FB-3061-ACA3-CC01DF125618}
		{D0C601E9-F00D-3038-AD1B-653C749B944E} = {D0C601E9-F00D-3038-AD1B-653C749B944E}
		{B8209DF3-3AD5-3DE9-BD32-195438CF8C85} = {B8209DF3-3AD5-3DE9-BD32-195438CF8C85}
		{9B7ECB22-94A8-3D5E-B09C-33630542A335} = {9B7ECB22-94A8-3D5E-B09C-33630542A335}
	EndProjectSection
EndProject
Project("{8BC9CEB8-8B4A-11D0-8D11-00A0C91BC942}") = "INSTALL", "INSTALL.vcxproj", "{CD3C397A-8925-3F0B-929B-7AD8BFC9B08A}"
	ProjectSection(ProjectDependencies) = postProject
		{E71990D5-EA87-3CDE-AF51-504E6BC4F5FF} = {E71990D5-EA87-3CDE-AF51-504E6BC4F5FF}
		{7FFC5776-38FB-3061-ACA3-CC01DF125618} = {7FFC5776-38FB-3061-ACA3-CC01DF125618}
	EndProjectSection
EndProject
Project("{8BC9CEB8-8B4A-11D0-8D11-00A0C91BC942}") = "PACKAGE", "PACKAGE.vcxproj", "{AAD48159-4195-35F8-9CCA-F1B6AA276036}"
	ProjectSection(ProjectDependencies) = postProject
		{E71990D5-EA87-3CDE-AF51-504E6BC4F5FF} = {E71990D5-EA87-3CDE-AF51-504E6BC4F5FF}
		{7FFC5776-38FB-3061-ACA3-CC01DF125618} = {7FFC5776-38FB-3061-ACA3-CC01DF125618}
	EndProjectSection
EndProject
Project("{8BC9CEB8-8B4A-11D0-8D11-00A0C91BC942}") = "ZERO_CHECK", "ZERO_CHECK.vcxproj", "{7FFC5776-38FB-3061-ACA3-CC01DF125618}"
	ProjectSection(ProjectDependencies) = postProject
	EndProjectSection
EndProject
Project("{8BC9CEB8-8B4A-11D0-8D11-00A0C91BC942}") = "aicraft", "aicraft.vcxproj", "{D0C601E9-F00D-3038-AD1B-653C749B944E}"
	ProjectSection(ProjectDependencies) = postProject
		{7FFC5776-38FB-3061-ACA3-CC01DF125618} = {7FFC5776-38FB-3061-ACA3-CC01DF125618}
	EndProjectSection
EndProject
Project("{8BC9CEB8-8B4A-11D0-8D11-00A0C91BC942}") = "aicraft_demo", "aicraft_demo.vcxproj", "{B8209DF3-3AD5-3DE9-BD32-195438CF8C85}"
	ProjectSection(ProjectDependencies) = postProject
		{7FFC5776-38FB-3061-ACA3-CC01DF125618} = {7FFC5776-38FB-3061-ACA3-CC01DF125618}
		{D0C601E9-F00D-3038-AD1B-653C749B944E} = {D0C601E9-F00D-3038-AD1B-653C749B944E}
	EndProjectSection
EndProject
Project("{8BC9CEB8-8B4A-11D0-8D11-00A0C91BC942}") = "train_demo", "train_demo.vcxproj", "{9B7ECB22-94A8-3D5E-B09C-33630542A335}"
	ProjectSection(ProjectDependencies) = postProject
		{7FFC5776-38FB-3061-ACA3-CC01DF125618} = {7FFC5776-38FB-3061-ACA3-CC01DF125618}
		{D0C601E9-F00D-3038-AD1B-653C749B944E} = {D0C601E9-F00D-3038-AD1B-653C749B944E}
	EndProjectSection
EndProject
Global
	GlobalSection(SolutionConfigurationPlatforms) = preSolution
		Debug|x64 = Debug|x64
		Release|x64 = Release|x64
		MinSizeRel|x64 = MinSizeRel|x64
		RelWithDebInfo|x64 = RelWithDebInfo|x64
	EndGlobalSection
	GlobalSection(ProjectConfigurationPlatforms) = postSolution
		{E71990D5-EA87-3CDE-AF51-504E6BC4F5FF}.Debug|x64.ActiveCfg = Debug|x64
		{E71990D5-EA87-3CDE-AF51-504E6BC4F5FF}.Debug|x64.Build.0 = Debug|x64
		{E71990D5-EA87-3CDE-AF51-504E6BC4F5FF}.Release|x64.ActiveCfg = Release|x64
		{E71990D5-EA87-3CDE-AF51-504E6BC4F5FF}.Release|x64.Build.0 = Release|x64
		{E71990D5-EA87-3CDE-AF51-504E6BC4F5FF}.MinSizeRel|x64.ActiveCfg = MinSizeRel|x64
		{E71990D5-EA87-3CDE-AF51-504E6BC4F5FF}.MinSizeRel|x64.Build.0 = MinSizeRel|x64
		{E71990D5-EA87-3CDE-AF51-504E6BC4F5FF}.RelWithDebInfo|x64.ActiveCfg = RelWithDebInfo|x64
		{E71990D5-EA87-3CDE-AF51-504E6BC4F5FF}.RelWithDebInfo|x64.Build.0 = RelWithDebInfo|x64
		{CD3C397A-8925-3F0B-929B-7AD8BFC9B08A}.Debug|x64.ActiveCfg = Debug|x64
		{CD3C397A-8925-3F0B-929B-7AD8BFC9B08A}.Release|x64.ActiveCfg = Release|x64
		{CD3C397A-8925-3F0B-929B-7AD8BFC9B08A}.MinSizeRel|x64.ActiveCfg = MinSizeRel|x64
		{CD3C397A-8925-3F0B-929B-7AD8BFC9B08A}.RelWithDebInfo|x64.ActiveCfg = RelWithDebInfo|x64
		{AAD48159-4195-35F8-9CCA-F1B6AA276036}.Debug|x64.ActiveCfg = Debug|x64
		{AAD48159-4195-35F8-9CCA-F1B6AA276036}.Release|x64.ActiveCfg = Release|x64
		{AAD48159-4195-35F8-9CCA-F1B6AA276036}.MinSizeRel|x64.ActiveCfg = MinSizeRel|x64
		{AAD48159-4195-35F8-9CCA-F1B6AA276036}.RelWithDebInfo|x64.ActiveCfg = RelWithDebInfo|x64
		{7FFC5776-38FB-3061-ACA3-CC01DF125618}.Debug|x64.ActiveCfg = Debug|x64
		{7FFC5776-38FB-3061-ACA3-CC01DF125618}.Debug|x64.Build.0 = Debug|x64
		{7FFC5776-38FB-3061-ACA3-CC01DF125618}.Release|x64.ActiveCfg = Release|x64
		{7FFC5776-38FB-3061-ACA3-CC01DF125618}.Release|x64.Build.0 = Release|x64
		{7FFC5776-38FB-3061-ACA3-CC01DF125618}.MinSizeRel|x64.ActiveCfg = MinSizeRel|x64
		{7FFC5776-38FB-3061-ACA3-CC01DF125618}.MinSizeRel|x64.Build.0 = MinSizeRel|x64
		{7FFC5776-38FB-3061-ACA3-CC01DF125618}.RelWithDebInfo|x64.ActiveCfg = RelWithDebInfo|x64
		{7FFC5776-38FB-3061-ACA3-CC01DF125618}.RelWithDebInfo|x64.Build.0 = RelWithDebInfo|x64
		{D0C601E9-F00D-3038-AD1B-653C749B944E}.Debug|x64.ActiveCfg = Debug|x64
		{D0C601E9-F00D-3038-AD1B-653C749B944E}.Debug|x64.Build.0 = Debug|x64
		{D0C601E9-F00D-3038-AD1B-653C749B944E}.Release|x64.ActiveCfg = Release|x64
		{D0C601E9-F00D-3038-AD1B-653C749B944E}.Release|x64.Build.0 = Release|x64
		{D0C601E9-F00D-3038-AD1B-653C749B944E}.MinSizeRel|x64.ActiveCfg = MinSizeRel|x64
		{D0C601E9-F00D-3038-AD1B-653C749B944E}.MinSizeRel|x64.Build.0 = MinSizeRel|x64
		{D0C601E9-F00D-3038-AD1B-653C749B944E}.RelWithDebInfo|x64.ActiveCfg = RelWithDebInfo|x64
		{D0C601E9-F00D-3038-AD1B-653C749B944E}.RelWithDebInfo|x64.Build.0 = RelWithDebInfo|x64
		{B8209DF3-3AD5-3DE9-BD32-195438CF8C85}.Debug|x64.ActiveCfg = Debug|x64
		{B8209DF3-3AD5-3DE9-BD32-195438CF8C85}.Debug|x64.Build.0 = Debug|x64
		{B8209DF3-3AD5-3DE9-BD32-195438CF8C85}.Release|x64.ActiveCfg = Release|x64
		{B8209DF3-3AD5-3DE9-BD32-195438CF8C85}.Release|x64.Build.0 = Release|x64
		{B8209DF3-3AD5-3DE9-BD32-195438CF8C85}.MinSizeRel|x64.ActiveCfg = MinSizeRel|x64
		{B8209DF3-3AD5-3DE9-BD32-195438CF8C85}.MinSizeRel|x64.Build.0 = MinSizeRel|x64
		{B8209DF3-3AD5-3DE9-BD32-195438CF8C85}.RelWithDebInfo|x64.ActiveCfg = RelWithDebInfo|x64
		{B8209DF3-3AD5-3DE9-BD32-195438CF8C85}.RelWithDebInfo|x64.Build.0 = RelWithDebInfo|x64
		{9B7ECB22-94A8-3D5E-B09C-33630542A335}.Debug|x64.ActiveCfg = Debug|x64
		{9B7ECB22-94A8-3D5E-B09C-33630542A335}.Debug|x64.Build.0 = Debug|x64
		{9B7ECB22-94A8-3D5E-B09C-33630542A335}.Release|x64.ActiveCfg = Release|x64
		{9B7ECB22-94A8-3D5E-B09C-33630542A335}.Release|x64.Build.0 = Release|x64
		{9B7ECB22-94A8-3D5E-B09C-33630542A335}.MinSizeRel|x64.ActiveCfg = MinSizeRel|x64
		{9B7ECB22-94A8-3D5E-B09C-33630542A335}.MinSizeRel|x64.Build.0 = MinSizeRel|x64
		{9B7ECB22-94A8-3D5E-B09C-33630542A335}.RelWithDebInfo|x64.ActiveCfg = RelWithDebInfo|x64
		{9B7ECB22-94A8-3D5E-B09C-33630542A335}.RelWithDebInfo|x64.Build.0 = RelWithDebInfo|x64
	EndGlobalSection
	GlobalSection(ExtensibilityGlobals) = postSolution
		SolutionGuid = {7D435137-685E-3936-8D29-2354399F4F88}
	EndGlobalSection
	GlobalSection(ExtensibilityAddIns) = postSolution
	EndGlobalSection
EndGlobal
